// !$*UTF8*$!
{
	archiveVersion = 1;
	classes = {
	};
	objectVersion = 56;
	objects = {

/* Begin PBXBuildFile section */
		44209FC02AAA2D710037D8C5 /* ScrumdingerApp.swift in Sources */ = {isa = PBXBuildFile; fileRef = 44209FBF2AAA2D710037D8C5 /* ScrumdingerApp.swift */; };
		44209FC22AAA2D710037D8C5 /* MeetingView.swift in Sources */ = {isa = PBXBuildFile; fileRef = 44209FC12AAA2D710037D8C5 /* MeetingView.swift */; };
		44209FC42AAA2D720037D8C5 /* Assets.xcassets in Resources */ = {isa = PBXBuildFile; fileRef = 44209FC32AAA2D720037D8C5 /* Assets.xcassets */; };
		44209FC72AAA2D720037D8C5 /* Preview Assets.xcassets in Resources */ = {isa = PBXBuildFile; fileRef = 44209FC62AAA2D720037D8C5 /* Preview Assets.xcassets */; };
		44209FD12AAA2D730037D8C5 /* ScrumdingerTests.swift in Sources */ = {isa = PBXBuildFile; fileRef = 44209FD02AAA2D730037D8C5 /* ScrumdingerTests.swift */; };
		44209FDB2AAA2D730037D8C5 /* ScrumdingerUITests.swift in Sources */ = {isa = PBXBuildFile; fileRef = 44209FDA2AAA2D730037D8C5 /* ScrumdingerUITests.swift */; };
		44209FDD2AAA2D730037D8C5 /* ScrumdingerUITestsLaunchTests.swift in Sources */ = {isa = PBXBuildFile; fileRef = 44209FDC2AAA2D730037D8C5 /* ScrumdingerUITestsLaunchTests.swift */; };
		44D141F42AAFB56A007C9155 /* Theme.swift in Sources */ = {isa = PBXBuildFile; fileRef = 44D141F32AAFB56A007C9155 /* Theme.swift */; };
		44D141F62AB1B85B007C9155 /* DailyScrum.swift in Sources */ = {isa = PBXBuildFile; fileRef = 44D141F52AB1B85B007C9155 /* DailyScrum.swift */; };
		44DB19F42ACE2DCF003F0D97 /* CardView.swift in Sources */ = {isa = PBXBuildFile; fileRef = 44DB19F32ACE2DCF003F0D97 /* CardView.swift */; };
		44DB19F62ACEB1DB003F0D97 /* TrailingIconLabelStyle.swift in Sources */ = {isa = PBXBuildFile; fileRef = 44DB19F52ACEB1DB003F0D97 /* TrailingIconLabelStyle.swift */; };
/* End PBXBuildFile section */

/* Begin PBXContainerItemProxy section */
		44209FCD2AAA2D730037D8C5 /* PBXContainerItemProxy */ = {
			isa = PBXContainerItemProxy;
			containerPortal = 44209FB42AAA2D710037D8C5 /* Project object */;
			proxyType = 1;
			remoteGlobalIDString = 44209FBB2AAA2D710037D8C5;
			remoteInfo = Scrumdinger;
		};
		44209FD72AAA2D730037D8C5 /* PBXContainerItemProxy */ = {
			isa = PBXContainerItemProxy;
			containerPortal = 44209FB42AAA2D710037D8C5 /* Project object */;
			proxyType = 1;
			remoteGlobalIDString = 44209FBB2AAA2D710037D8C5;
			remoteInfo = Scrumdinger;
		};
/* End PBXContainerItemProxy section */

/* Begin PBXFileReference section */
		44209FBC2AAA2D710037D8C5 /* Scrumdinger.app */ = {isa = PBXFileReference; explicitFileType = wrapper.application; includeInIndex = 0; path = Scrumdinger.app; sourceTree = BUILT_PRODUCTS_DIR; };
		44209FBF2AAA2D710037D8C5 /* ScrumdingerApp.swift */ = {isa = PBXFileReference; lastKnownFileType = sourcecode.swift; path = ScrumdingerApp.swift; sourceTree = "<group>"; };
		44209FC12AAA2D710037D8C5 /* MeetingView.swift */ = {isa = PBXFileReference; lastKnownFileType = sourcecode.swift; path = MeetingView.swift; sourceTree = "<group>"; };
		44209FC32AAA2D720037D8C5 /* Assets.xcassets */ = {isa = PBXFileReference; lastKnownFileType = folder.assetcatalog; path = Assets.xcassets; sourceTree = "<group>"; };
		44209FC62AAA2D720037D8C5 /* Preview Assets.xcassets */ = {isa = PBXFileReference; lastKnownFileType = folder.assetcatalog; path = "Preview Assets.xcassets"; sourceTree = "<group>"; };
		44209FCC2AAA2D730037D8C5 /* ScrumdingerTests.xctest */ = {isa = PBXFileReference; explicitFileType = wrapper.cfbundle; includeInIndex = 0; path = ScrumdingerTests.xctest; sourceTree = BUILT_PRODUCTS_DIR; };
		44209FD02AAA2D730037D8C5 /* ScrumdingerTests.swift */ = {isa = PBXFileReference; lastKnownFileType = sourcecode.swift; path = ScrumdingerTests.swift; sourceTree = "<group>"; };
		44209FD62AAA2D730037D8C5 /* ScrumdingerUITests.xctest */ = {isa = PBXFileReference; explicitFileType = wrapper.cfbundle; includeInIndex = 0; path = ScrumdingerUITests.xctest; sourceTree = BUILT_PRODUCTS_DIR; };
		44209FDA2AAA2D730037D8C5 /* ScrumdingerUITests.swift */ = {isa = PBXFileReference; lastKnownFileType = sourcecode.swift; path = ScrumdingerUITests.swift; sourceTree = "<group>"; };
		44209FDC2AAA2D730037D8C5 /* ScrumdingerUITestsLaunchTests.swift */ = {isa = PBXFileReference; lastKnownFileType = sourcecode.swift; path = ScrumdingerUITestsLaunchTests.swift; sourceTree = "<group>"; };
		44D141F32AAFB56A007C9155 /* Theme.swift */ = {isa = PBXFileReference; lastKnownFileType = sourcecode.swift; path = Theme.swift; sourceTree = "<group>"; };
		44D141F52AB1B85B007C9155 /* DailyScrum.swift */ = {isa = PBXFileReference; lastKnownFileType = sourcecode.swift; path = DailyScrum.swift; sourceTree = "<group>"; };
		44DB19F32ACE2DCF003F0D97 /* CardView.swift */ = {isa = PBXFileReference; lastKnownFileType = sourcecode.swift; path = CardView.swift; sourceTree = "<group>"; };
		44DB19F52ACEB1DB003F0D97 /* TrailingIconLabelStyle.swift */ = {isa = PBXFileReference; lastKnownFileType = sourcecode.swift; path = TrailingIconLabelStyle.swift; sourceTree = "<group>"; };
/* End PBXFileReference section */

/* Begin PBXFrameworksBuildPhase section */
		44209FB92AAA2D710037D8C5 /* Frameworks */ = {
			isa = PBXFrameworksBuildPhase;
			buildActionMask = 2147483647;
			files = (
			);
			runOnlyForDeploymentPostprocessing = 0;
		};
		44209FC92AAA2D730037D8C5 /* Frameworks */ = {
			isa = PBXFrameworksBuildPhase;
			buildActionMask = 2147483647;
			files = (
			);
			runOnlyForDeploymentPostprocessing = 0;
		};
		44209FD32AAA2D730037D8C5 /* Frameworks */ = {
			isa = PBXFrameworksBuildPhase;
			buildActionMask = 2147483647;
			files = (
			);
			runOnlyForDeploymentPostprocessing = 0;
		};
/* End PBXFrameworksBuildPhase section */

/* Begin PBXGroup section */
		44209FB32AAA2D710037D8C5 = {
			isa = PBXGroup;
			children = (
				44209FBE2AAA2D710037D8C5 /* Scrumdinger */,
				44209FCF2AAA2D730037D8C5 /* ScrumdingerTests */,
				44209FD92AAA2D730037D8C5 /* ScrumdingerUITests */,
				44209FBD2AAA2D710037D8C5 /* Products */,
			);
			sourceTree = "<group>";
		};
		44209FBD2AAA2D710037D8C5 /* Products */ = {
			isa = PBXGroup;
			children = (
				44209FBC2AAA2D710037D8C5 /* Scrumdinger.app */,
				44209FCC2AAA2D730037D8C5 /* ScrumdingerTests.xctest */,
				44209FD62AAA2D730037D8C5 /* ScrumdingerUITests.xctest */,
			);
			name = Products;
			sourceTree = "<group>";
		};
		44209FBE2AAA2D710037D8C5 /* Scrumdinger */ = {
			isa = PBXGroup;
			children = (
				44D141F22AAFB52C007C9155 /* Models */,
				44209FBF2AAA2D710037D8C5 /* ScrumdingerApp.swift */,
				44209FC12AAA2D710037D8C5 /* MeetingView.swift */,
				44209FC32AAA2D720037D8C5 /* Assets.xcassets */,
				44209FC52AAA2D720037D8C5 /* Preview Content */,
				44DB19F32ACE2DCF003F0D97 /* CardView.swift */,
				44DB19F52ACEB1DB003F0D97 /* TrailingIconLabelStyle.swift */,
			);
			path = Scrumdinger;
			sourceTree = "<group>";
		};
		44209FC52AAA2D720037D8C5 /* Preview Content */ = {
			isa = PBXGroup;
			children = (
				44209FC62AAA2D720037D8C5 /* Preview Assets.xcassets */,
			);
			path = "Preview Content";
			sourceTree = "<group>";
		};
		44209FCF2AAA2D730037D8C5 /* ScrumdingerTests */ = {
			isa = PBXGroup;
			children = (
				44209FD02AAA2D730037D8C5 /* ScrumdingerTests.swift */,
			);
			path = ScrumdingerTests;
			sourceTree = "<group>";
		};
		44209FD92AAA2D730037D8C5 /* ScrumdingerUITests */ = {
			isa = PBXGroup;
			children = (
				44209FDA2AAA2D730037D8C5 /* ScrumdingerUITests.swift */,
				44209FDC2AAA2D730037D8C5 /* ScrumdingerUITestsLaunchTests.swift */,
			);
			path = ScrumdingerUITests;
			sourceTree = "<group>";
		};
		44D141F22AAFB52C007C9155 /* Models */ = {
			isa = PBXGroup;
			children = (
				44D141F32AAFB56A007C9155 /* Theme.swift */,
				44D141F52AB1B85B007C9155 /* DailyScrum.swift */,
			);
			path = Models;
			sourceTree = "<group>";
		};
/* End PBXGroup section */

/* Begin PBXNativeTarget section */
		44209FBB2AAA2D710037D8C5 /* Scrumdinger */ = {
			isa = PBXNativeTarget;
			buildConfigurationList = 44209FE02AAA2D730037D8C5 /* Build configuration list for PBXNativeTarget "Scrumdinger" */;
			buildPhases = (
				44209FB82AAA2D710037D8C5 /* Sources */,
				44209FB92AAA2D710037D8C5 /* Frameworks */,
				44209FBA2AAA2D710037D8C5 /* Resources */,
			);
			buildRules = (
			);
			dependencies = (
			);
			name = Scrumdinger;
			productName = Scrumdinger;
			productReference = 44209FBC2AAA2D710037D8C5 /* Scrumdinger.app */;
			productType = "com.apple.product-type.application";
		};
		44209FCB2AAA2D730037D8C5 /* ScrumdingerTests */ = {
			isa = PBXNativeTarget;
			buildConfigurationList = 44209FE32AAA2D730037D8C5 /* Build configuration list for PBXNativeTarget "ScrumdingerTests" */;
			buildPhases = (
				44209FC82AAA2D730037D8C5 /* Sources */,
				44209FC92AAA2D730037D8C5 /* Frameworks */,
				44209FCA2AAA2D730037D8C5 /* Resources */,
			);
			buildRules = (
			);
			dependencies = (
				44209FCE2AAA2D730037D8C5 /* PBXTargetDependency */,
			);
			name = ScrumdingerTests;
			productName = ScrumdingerTests;
			productReference = 44209FCC2AAA2D730037D8C5 /* ScrumdingerTests.xctest */;
			productType = "com.apple.product-type.bundle.unit-test";
		};
		44209FD52AAA2D730037D8C5 /* ScrumdingerUITests */ = {
			isa = PBXNativeTarget;
			buildConfigurationList = 44209FE62AAA2D730037D8C5 /* Build configuration list for PBXNativeTarget "ScrumdingerUITests" */;
			buildPhases = (
				44209FD22AAA2D730037D8C5 /* Sources */,
				44209FD32AAA2D730037D8C5 /* Frameworks */,
				44209FD42AAA2D730037D8C5 /* Resources */,
			);
			buildRules = (
			);
			dependencies = (
				44209FD82AAA2D730037D8C5 /* PBXTargetDependency */,
			);
			name = ScrumdingerUITests;
			productName = ScrumdingerUITests;
			productReference = 44209FD62AAA2D730037D8C5 /* ScrumdingerUITests.xctest */;
			productType = "com.apple.product-type.bundle.ui-testing";
		};
/* End PBXNativeTarget section */

/* Begin PBXProject section */
		44209FB42AAA2D710037D8C5 /* Project object */ = {
			isa = PBXProject;
			attributes = {
				BuildIndependentTargetsInParallel = 1;
				LastSwiftUpdateCheck = 1430;
				LastUpgradeCheck = 1430;
				TargetAttributes = {
					44209FBB2AAA2D710037D8C5 = {
						CreatedOnToolsVersion = 14.3.1;
					};
					44209FCB2AAA2D730037D8C5 = {
						CreatedOnToolsVersion = 14.3.1;
						TestTargetID = 44209FBB2AAA2D710037D8C5;
					};
					44209FD52AAA2D730037D8C5 = {
						CreatedOnToolsVersion = 14.3.1;
						TestTargetID = 44209FBB2AAA2D710037D8C5;
					};
				};
			};
			buildConfigurationList = 44209FB72AAA2D710037D8C5 /* Build configuration list for PBXProject "Scrumdinger" */;
			compatibilityVersion = "Xcode 14.0";
			developmentRegion = en;
			hasScannedForEncodings = 0;
			knownRegions = (
				en,
				Base,
			);
			mainGroup = 44209FB32AAA2D710037D8C5;
			productRefGroup = 44209FBD2AAA2D710037D8C5 /* Products */;
			projectDirPath = "";
			projectRoot = "";
			targets = (
				44209FBB2AAA2D710037D8C5 /* Scrumdinger */,
				44209FCB2AAA2D730037D8C5 /* ScrumdingerTests */,
				44209FD52AAA2D730037D8C5 /* ScrumdingerUITests */,
			);
		};
/* End PBXProject section */

/* Begin PBXResourcesBuildPhase section */
		44209FBA2AAA2D710037D8C5 /* Resources */ = {
			isa = PBXResourcesBuildPhase;
			buildActionMask = 2147483647;
			files = (
				44209FC72AAA2D720037D8C5 /* Preview Assets.xcassets in Resources */,
				44209FC42AAA2D720037D8C5 /* Assets.xcassets in Resources */,
			);
			runOnlyForDeploymentPostprocessing = 0;
		};
		44209FCA2AAA2D730037D8C5 /* Resources */ = {
			isa = PBXResourcesBuildPhase;
			buildActionMask = 2147483647;
			files = (
			);
			runOnlyForDeploymentPostprocessing = 0;
		};
		44209FD42AAA2D730037D8C5 /* Resources */ = {
			isa = PBXResourcesBuildPhase;
			buildActionMask = 2147483647;
			files = (
			);
			runOnlyForDeploymentPostprocessing = 0;
		};
/* End PBXResourcesBuildPhase section */

/* Begin PBXSourcesBuildPhase section */
		44209FB82AAA2D710037D8C5 /* Sources */ = {
			isa = PBXSourcesBuildPhase;
			buildActionMask = 2147483647;
			files = (
				44D141F62AB1B85B007C9155 /* DailyScrum.swift in Sources */,
				44DB19F62ACEB1DB003F0D97 /* TrailingIconLabelStyle.swift in Sources */,
				44D141F42AAFB56A007C9155 /* Theme.swift in Sources */,
				44209FC22AAA2D710037D8C5 /* MeetingView.swift in Sources */,
				44209FC02AAA2D710037D8C5 /* ScrumdingerApp.swift in Sources */,
				44DB19F42ACE2DCF003F0D97 /* CardView.swift in Sources */,
			);
			runOnlyForDeploymentPostprocessing = 0;
		};
		44209FC82AAA2D730037D8C5 /* Sources */ = {
			isa = PBXSourcesBuildPhase;
			buildActionMask = 2147483647;
			files = (
				44209FD12AAA2D730037D8C5 /* ScrumdingerTests.swift in Sources */,
			);
			runOnlyForDeploymentPostprocessing = 0;
		};
		44209FD22AAA2D730037D8C5 /* Sources */ = {
			isa = PBXSourcesBuildPhase;
			buildActionMask = 2147483647;
			files = (
				44209FDD2AAA2D730037D8C5 /* ScrumdingerUITestsLaunchTests.swift in Sources */,
				44209FDB2AAA2D730037D8C5 /* ScrumdingerUITests.swift in Sources */,
			);
			runOnlyForDeploymentPostprocessing = 0;
		};
/* End PBXSourcesBuildPhase section */

/* Begin PBXTargetDependency section */
		44209FCE2AAA2D730037D8C5 /* PBXTargetDependency */ = {
			isa = PBXTargetDependency;
			target = 44209FBB2AAA2D710037D8C5 /* Scrumdinger */;
			targetProxy = 44209FCD2AAA2D730037D8C5 /* PBXContainerItemProxy */;
		};
		44209FD82AAA2D730037D8C5 /* PBXTargetDependency */ = {
			isa = PBXTargetDependency;
			target = 44209FBB2AAA2D710037D8C5 /* Scrumdinger */;
			targetProxy = 44209FD72AAA2D730037D8C5 /* PBXContainerItemProxy */;
		};
/* End PBXTargetDependency section */

/* Begin XCBuildConfiguration section */
		44209FDE2AAA2D730037D8C5 /* Debug */ = {
			isa = XCBuildConfiguration;
			buildSettings = {
				ALWAYS_SEARCH_USER_PATHS = NO;
				CLANG_ANALYZER_NONNULL = YES;
				CLANG_ANALYZER_NUMBER_OBJECT_CONVERSION = YES_AGGRESSIVE;
				CLANG_CXX_LANGUAGE_STANDARD = "gnu++20";
				CLANG_ENABLE_MODULES = YES;
				CLANG_ENABLE_OBJC_ARC = YES;
				CLANG_ENABLE_OBJC_WEAK = YES;
				CLANG_WARN_BLOCK_CAPTURE_AUTORELEASING = YES;
				CLANG_WARN_BOOL_CONVERSION = YES;
				CLANG_WARN_COMMA = YES;
				CLANG_WARN_CONSTANT_CONVERSION = YES;
				CLANG_WARN_DEPRECATED_OBJC_IMPLEMENTATIONS = YES;
				CLANG_WARN_DIRECT_OBJC_ISA_USAGE = YES_ERROR;
				CLANG_WARN_DOCUMENTATION_COMMENTS = YES;
				CLANG_WARN_EMPTY_BODY = YES;
				CLANG_WARN_ENUM_CONVERSION = YES;
				CLANG_WARN_INFINITE_RECURSION = YES;
				CLANG_WARN_INT_CONVERSION = YES;
				CLANG_WARN_NON_LITERAL_NULL_CONVERSION = YES;
				CLANG_WARN_OBJC_IMPLICIT_RETAIN_SELF = YES;
				CLANG_WARN_OBJC_LITERAL_CONVERSION = YES;
				CLANG_WARN_OBJC_ROOT_CLASS = YES_ERROR;
				CLANG_WARN_QUOTED_INCLUDE_IN_FRAMEWORK_HEADER = YES;
				CLANG_WARN_RANGE_LOOP_ANALYSIS = YES;
				CLANG_WARN_STRICT_PROTOTYPES = YES;
				CLANG_WARN_SUSPICIOUS_MOVE = YES;
				CLANG_WARN_UNGUARDED_AVAILABILITY = YES_AGGRESSIVE;
				CLANG_WARN_UNREACHABLE_CODE = YES;
				CLANG_WARN__DUPLICATE_METHOD_MATCH = YES;
				COPY_PHASE_STRIP = NO;
				DEBUG_INFORMATION_FORMAT = dwarf;
				ENABLE_STRICT_OBJC_MSGSEND = YES;
				ENABLE_TESTABILITY = YES;
				GCC_C_LANGUAGE_STANDARD = gnu11;
				GCC_DYNAMIC_NO_PIC = NO;
				GCC_NO_COMMON_BLOCKS = YES;
				GCC_OPTIMIZATION_LEVEL = 0;
				GCC_PREPROCESSOR_DEFINITIONS = (
					"DEBUG=1",
					"$(inherited)",
				);
				GCC_WARN_64_TO_32_BIT_CONVERSION = YES;
				GCC_WARN_ABOUT_RETURN_TYPE = YES_ERROR;
				GCC_WARN_UNDECLARED_SELECTOR = YES;
				GCC_WARN_UNINITIALIZED_AUTOS = YES_AGGRESSIVE;
				GCC_WARN_UNUSED_FUNCTION = YES;
				GCC_WARN_UNUSED_VARIABLE = YES;
				IPHONEOS_DEPLOYMENT_TARGET = 16.4;
				MTL_ENABLE_DEBUG_INFO = INCLUDE_SOURCE;
				MTL_FAST_MATH = YES;
				ONLY_ACTIVE_ARCH = YES;
				SDKROOT = iphoneos;
				SWIFT_ACTIVE_COMPILATION_CONDITIONS = DEBUG;
				SWIFT_OPTIMIZATION_LEVEL = "-Onone";
			};
			name = Debug;
		};
		44209FDF2AAA2D730037D8C5 /* Release */ = {
			isa = XCBuildConfiguration;
			buildSettings = {
				ALWAYS_SEARCH_USER_PATHS = NO;
				CLANG_ANALYZER_NONNULL = YES;
				CLANG_ANALYZER_NUMBER_OBJECT_CONVERSION = YES_AGGRESSIVE;
				CLANG_CXX_LANGUAGE_STANDARD = "gnu++20";
				CLANG_ENABLE_MODULES = YES;
				CLANG_ENABLE_OBJC_ARC = YES;
				CLANG_ENABLE_OBJC_WEAK = YES;
				CLANG_WARN_BLOCK_CAPTURE_AUTORELEASING = YES;
				CLANG_WARN_BOOL_CONVERSION = YES;
				CLANG_WARN_COMMA = YES;
				CLANG_WARN_CONSTANT_CONVERSION = YES;
				CLANG_WARN_DEPRECATED_OBJC_IMPLEMENTATIONS = YES;
				CLANG_WARN_DIRECT_OBJC_ISA_USAGE = YES_ERROR;
				CLANG_WARN_DOCUMENTATION_COMMENTS = YES;
				CLANG_WARN_EMPTY_BODY = YES;
				CLANG_WARN_ENUM_CONVERSION = YES;
				CLANG_WARN_INFINITE_RECURSION = YES;
				CLANG_WARN_INT_CONVERSION = YES;
				CLANG_WARN_NON_LITERAL_NULL_CONVERSION = YES;
				CLANG_WARN_OBJC_IMPLICIT_RETAIN_SELF = YES;
				CLANG_WARN_OBJC_LITERAL_CONVERSION = YES;
				CLANG_WARN_OBJC_ROOT_CLASS = YES_ERROR;
				CLANG_WARN_QUOTED_INCLUDE_IN_FRAMEWORK_HEADER = YES;
				CLANG_WARN_RANGE_LOOP_ANALYSIS = YES;
				CLANG_WARN_STRICT_PROTOTYPES = YES;
				CLANG_WARN_SUSPICIOUS_MOVE = YES;
				CLANG_WARN_UNGUARDED_AVAILABILITY = YES_AGGRESSIVE;
				CLANG_WARN_UNREACHABLE_CODE = YES;
				CLANG_WARN__DUPLICATE_METHOD_MATCH = YES;
				COPY_PHASE_STRIP = NO;
				DEBUG_INFORMATION_FORMAT = "dwarf-with-dsym";
				ENABLE_NS_ASSERTIONS = NO;
				ENABLE_STRICT_OBJC_MSGSEND = YES;
				GCC_C_LANGUAGE_STANDARD = gnu11;
				GCC_NO_COMMON_BLOCKS = YES;
				GCC_WARN_64_TO_32_BIT_CONVERSION = YES;
				GCC_WARN_ABOUT_RETURN_TYPE = YES_ERROR;
				GCC_WARN_UNDECLARED_SELECTOR = YES;
				GCC_WARN_UNINITIALIZED_AUTOS = YES_AGGRESSIVE;
				GCC_WARN_UNUSED_FUNCTION = YES;
				GCC_WARN_UNUSED_VARIABLE = YES;
				IPHONEOS_DEPLOYMENT_TARGET = 16.4;
				MTL_ENABLE_DEBUG_INFO = NO;
				MTL_FAST_MATH = YES;
				SDKROOT = iphoneos;
				SWIFT_COMPILATION_MODE = wholemodule;
				SWIFT_OPTIMIZATION_LEVEL = "-O";
				VALIDATE_PRODUCT = YES;
			};
			name = Release;
		};
		44209FE12AAA2D730037D8C5 /* Debug */ = {
			isa = XCBuildConfiguration;
			buildSettings = {
				ASSETCATALOG_COMPILER_APPICON_NAME = AppIcon;
				ASSETCATALOG_COMPILER_GLOBAL_ACCENT_COLOR_NAME = AccentColor;
				CODE_SIGN_STYLE = Automatic;
				CURRENT_PROJECT_VERSION = 1;
				DEVELOPMENT_ASSET_PATHS = "\"Scrumdinger/Preview Content\"";
				DEVELOPMENT_TEAM = GHJYJS5RVB;
				ENABLE_PREVIEWS = YES;
				GENERATE_INFOPLIST_FILE = YES;
				INFOPLIST_KEY_UIApplicationSceneManifest_Generation = YES;
				INFOPLIST_KEY_UIApplicationSupportsIndirectInputEvents = YES;
				INFOPLIST_KEY_UILaunchScreen_Generation = YES;
				INFOPLIST_KEY_UISupportedInterfaceOrientations_iPad = "UIInterfaceOrientationPortrait UIInterfaceOrientationPortraitUpsideDown UIInterfaceOrientationLandscapeLeft UIInterfaceOrientationLandscapeRight";
				INFOPLIST_KEY_UISupportedInterfaceOrientations_iPhone = "UIInterfaceOrientationPortrait UIInterfaceOrientationLandscapeLeft UIInterfaceOrientationLandscapeRight";
				LD_RUNPATH_SEARCH_PATHS = (
					"$(inherited)",
					"@executable_path/Frameworks",
				);
				MARKETING_VERSION = 1.0;
				PRODUCT_BUNDLE_IDENTIFIER = alexscholtes.Scrumdinger;
				PRODUCT_NAME = "$(TARGET_NAME)";
				SWIFT_EMIT_LOC_STRINGS = YES;
				SWIFT_VERSION = 5.0;
				TARGETED_DEVICE_FAMILY = "1,2";
			};
			name = Debug;
		};
		44209FE22AAA2D730037D8C5 /* Release */ = {
			isa = XCBuildConfiguration;
			buildSettings = {
				ASSETCATALOG_COMPILER_APPICON_NAME = AppIcon;
				ASSETCATALOG_COMPILER_GLOBAL_ACCENT_COLOR_NAME = AccentColor;
				CODE_SIGN_STYLE = Automatic;
				CURRENT_PROJECT_VERSION = 1;
				DEVELOPMENT_ASSET_PATHS = "\"Scrumdinger/Preview Content\"";
				DEVELOPMENT_TEAM = GHJYJS5RVB;
				ENABLE_PREVIEWS = YES;
				GENERATE_INFOPLIST_FILE = YES;
				INFOPLIST_KEY_UIApplicationSceneManifest_Generation = YES;
				INFOPLIST_KEY_UIApplicationSupportsIndirectInputEvents = YES;
				INFOPLIST_KEY_UILaunchScreen_Generation = YES;
				INFOPLIST_KEY_UISupportedInterfaceOrientations_iPad = "UIInterfaceOrientationPortrait UIInterfaceOrientationPortraitUpsideDown UIInterfaceOrientationLandscapeLeft UIInterfaceOrientationLandscapeRight";
				INFOPLIST_KEY_UISupportedInterfaceOrientations_iPhone = "UIInterfaceOrientationPortrait UIInterfaceOrientationLandscapeLeft UIInterfaceOrientationLandscapeRight";
				LD_RUNPATH_SEARCH_PATHS = (
					"$(inherited)",
					"@executable_path/Frameworks",
				);
				MARKETING_VERSION = 1.0;
				PRODUCT_BUNDLE_IDENTIFIER = alexscholtes.Scrumdinger;
				PRODUCT_NAME = "$(TARGET_NAME)";
				SWIFT_EMIT_LOC_STRINGS = YES;
				SWIFT_VERSION = 5.0;
				TARGETED_DEVICE_FAMILY = "1,2";
			};
			name = Release;
		};
		44209FE42AAA2D730037D8C5 /* Debug */ = {
			isa = XCBuildConfiguration;
			buildSettings = {
				ALWAYS_EMBED_SWIFT_STANDARD_LIBRARIES = YES;
				BUNDLE_LOADER = "$(TEST_HOST)";
				CODE_SIGN_STYLE = Automatic;
				CURRENT_PROJECT_VERSION = 1;
				DEVELOPMENT_TEAM = GHJYJS5RVB;
				GENERATE_INFOPLIST_FILE = YES;
				IPHONEOS_DEPLOYMENT_TARGET = 16.4;
				MARKETING_VERSION = 1.0;
				PRODUCT_BUNDLE_IDENTIFIER = alexscholtes.ScrumdingerTests;
				PRODUCT_NAME = "$(TARGET_NAME)";
				SWIFT_EMIT_LOC_STRINGS = NO;
				SWIFT_VERSION = 5.0;
				TARGETED_DEVICE_FAMILY = "1,2";
				TEST_HOST = "$(BUILT_PRODUCTS_DIR)/Scrumdinger.app/$(BUNDLE_EXECUTABLE_FOLDER_PATH)/Scrumdinger";
			};
			name = Debug;
		};
		44209FE52AAA2D730037D8C5 /* Release */ = {
			isa = XCBuildConfiguration;
			buildSettings = {
				ALWAYS_EMBED_SWIFT_STANDARD_LIBRARIES = YES;
				BUNDLE_LOADER = "$(TEST_HOST)";
				CODE_SIGN_STYLE = Automatic;
				CURRENT_PROJECT_VERSION = 1;
				DEVELOPMENT_TEAM = GHJYJS5RVB;
				GENERATE_INFOPLIST_FILE = YES;
				IPHONEOS_DEPLOYMENT_TARGET = 16.4;
				MARKETING_VERSION = 1.0;
				PRODUCT_BUNDLE_IDENTIFIER = alexscholtes.ScrumdingerTests;
				PRODUCT_NAME = "$(TARGET_NAME)";
				SWIFT_EMIT_LOC_STRINGS = NO;
				SWIFT_VERSION = 5.0;
				TARGETED_DEVICE_FAMILY = "1,2";
				TEST_HOST = "$(BUILT_PRODUCTS_DIR)/Scrumdinger.app/$(BUNDLE_EXECUTABLE_FOLDER_PATH)/Scrumdinger";
			};
			name = Release;
		};
		44209FE72AAA2D730037D8C5 /* Debug */ = {
			isa = XCBuildConfiguration;
			buildSettings = {
				ALWAYS_EMBED_SWIFT_STANDARD_LIBRARIES = YES;
				CODE_SIGN_STYLE = Automatic;
				CURRENT_PROJECT_VERSION = 1;
				DEVELOPMENT_TEAM = GHJYJS5RVB;
				GENERATE_INFOPLIST_FILE = YES;
				MARKETING_VERSION = 1.0;
				PRODUCT_BUNDLE_IDENTIFIER = alexscholtes.ScrumdingerUITests;
				PRODUCT_NAME = "$(TARGET_NAME)";
				SWIFT_EMIT_LOC_STRINGS = NO;
				SWIFT_VERSION = 5.0;
				TARGETED_DEVICE_FAMILY = "1,2";
				TEST_TARGET_NAME = Scrumdinger;
			};
			name = Debug;
		};
		44209FE82AAA2D730037D8C5 /* Release */ = {
			isa = XCBuildConfiguration;
			buildSettings = {
				ALWAYS_EMBED_SWIFT_STANDARD_LIBRARIES = YES;
				CODE_SIGN_STYLE = Automatic;
				CURRENT_PROJECT_VERSION = 1;
				DEVELOPMENT_TEAM = GHJYJS5RVB;
				GENERATE_INFOPLIST_FILE = YES;
				MARKETING_VERSION = 1.0;
				PRODUCT_BUNDLE_IDENTIFIER = alexscholtes.ScrumdingerUITests;
				PRODUCT_NAME = "$(TARGET_NAME)";
				SWIFT_EMIT_LOC_STRINGS = NO;
				SWIFT_VERSION = 5.0;
				TARGETED_DEVICE_FAMILY = "1,2";
				TEST_TARGET_NAME = Scrumdinger;
			};
			name = Release;
		};
/* End XCBuildConfiguration section */

/* Begin XCConfigurationList section */
		44209FB72AAA2D710037D8C5 /* Build configuration list for PBXProject "Scrumdinger" */ = {
			isa = XCConfigurationList;
			buildConfigurations = (
				44209FDE2AAA2D730037D8C5 /* Debug */,
				44209FDF2AAA2D730037D8C5 /* Release */,
			);
			defaultConfigurationIsVisible = 0;
			defaultConfigurationName = Release;
		};
		44209FE02AAA2D730037D8C5 /* Build configuration list for PBXNativeTarget "Scrumdinger" */ = {
			isa = XCConfigurationList;
			buildConfigurations = (
				44209FE12AAA2D730037D8C5 /* Debug */,
				44209FE22AAA2D730037D8C5 /* Release */,
			);
			defaultConfigurationIsVisible = 0;
			defaultConfigurationName = Release;
		};
		44209FE32AAA2D730037D8C5 /* Build configuration list for PBXNativeTarget "ScrumdingerTests" */ = {
			isa = XCConfigurationList;
			buildConfigurations = (
				44209FE42AAA2D730037D8C5 /* Debug */,
				44209FE52AAA2D730037D8C5 /* Release */,
			);
			defaultConfigurationIsVisible = 0;
			defaultConfigurationName = Release;
		};
		44209FE62AAA2D730037D8C5 /* Build configuration list for PBXNativeTarget "ScrumdingerUITests" */ = {
			isa = XCConfigurationList;
			buildConfigurations = (
				44209FE72AAA2D730037D8C5 /* Debug */,
				44209FE82AAA2D730037D8C5 /* Release */,
			);
			defaultConfigurationIsVisible = 0;
			defaultConfigurationName = Release;
		};
/* End XCConfigurationList section */
	};
	rootObject = 44209FB42AAA2D710037D8C5 /* Project object */;
}
